
Microsoft Visual Studio Solution File, Format Version 12.00
# Visual Studio Version 16
VisualStudioVersion = 16.0.30804.86
MinimumVisualStudioVersion = 10.0.40219.1
Project("{9A19103F-16F7-4668-BE54-9A1E7A4F7556}") = "HumgNewsAPI", "HumgNewsAPI.csproj", "{BEF62BF8-FE06-419D-83F0-4CC42BF4A455}"
EndProject
Global
	GlobalSection(SolutionConfigurationPlatforms) = preSolution
		Debug|Any CPU = Debug|Any CPU
		Release|Any CPU = Release|Any CPU
	EndGlobalSection
	GlobalSection(ProjectConfigurationPlatforms) = postSolution
		{BEF62BF8-FE06-419D-83F0-4CC42BF4A455}.Debug|Any CPU.ActiveCfg = Debug|Any CPU
		{BEF62BF8-FE06-419D-83F0-4CC42BF4A455}.Debug|Any CPU.Build.0 = Debug|Any CPU
		{BEF62BF8-FE06-419D-83F0-4CC42BF4A455}.Release|Any CPU.ActiveCfg = Release|Any CPU
		{BEF62BF8-FE06-419D-83F0-4CC42BF4A455}.Release|Any CPU.Build.0 = Release|Any CPU
	EndGlobalSection
	GlobalSection(SolutionProperties) = preSolution
		HideSolutionNode = FALSE
	EndGlobalSection
	GlobalSection(ExtensibilityGlobals) = postSolution
		SolutionGuid = {09626DC4-30A3-4D79-91E6-CD797A898420}
	EndGlobalSection
EndGlobal
